// !$*UTF8*$!
{
	archiveVersion = 1;
	classes = {
	};
	objectVersion = 56;
	objects = {

/* Begin PBXBuildFile section */
		AE2E97762A26392300951078 /* Model.swift in Sources */ = {isa = PBXBuildFile; fileRef = AE2E97752A26392300951078 /* Model.swift */; };
		AEF0FDBE2A2529A70071CBCA /* URLSessionJSONDecoderApp.swift in Sources */ = {isa = PBXBuildFile; fileRef = AEF0FDBD2A2529A70071CBCA /* URLSessionJSONDecoderApp.swift */; };
		AEF0FDC02A2529A70071CBCA /* ContentView.swift in Sources */ = {isa = PBXBuildFile; fileRef = AEF0FDBF2A2529A70071CBCA /* ContentView.swift */; };
		AEF0FDC22A2529A80071CBCA /* Assets.xcassets in Resources */ = {isa = PBXBuildFile; fileRef = AEF0FDC12A2529A80071CBCA /* Assets.xcassets */; };
		AEF0FDC52A2529A80071CBCA /* Preview Assets.xcassets in Resources */ = {isa = PBXBuildFile; fileRef = AEF0FDC42A2529A80071CBCA /* Preview Assets.xcassets */; };
		AEF0FDCC2A2529F60071CBCA /* ViewModel.swift in Sources */ = {isa = PBXBuildFile; fileRef = AEF0FDCB2A2529F60071CBCA /* ViewModel.swift */; };
/* End PBXBuildFile section */

/* Begin PBXFileReference section */
		AE2E97752A26392300951078 /* Model.swift */ = {isa = PBXFileReference; lastKnownFileType = sourcecode.swift; path = Model.swift; sourceTree = "<group>"; };
		AEF0FDBA2A2529A70071CBCA /* URLSessionJSONDecoder.app */ = {isa = PBXFileReference; explicitFileType = wrapper.application; includeInIndex = 0; path = URLSessionJSONDecoder.app; sourceTree = BUILT_PRODUCTS_DIR; };
		AEF0FDBD2A2529A70071CBCA /* URLSessionJSONDecoderApp.swift */ = {isa = PBXFileReference; lastKnownFileType = sourcecode.swift; path = URLSessionJSONDecoderApp.swift; sourceTree = "<group>"; };
		AEF0FDBF2A2529A70071CBCA /* ContentView.swift */ = {isa = PBXFileReference; lastKnownFileType = sourcecode.swift; path = ContentView.swift; sourceTree = "<group>"; };
		AEF0FDC12A2529A80071CBCA /* Assets.xcassets */ = {isa = PBXFileReference; lastKnownFileType = folder.assetcatalog; path = Assets.xcassets; sourceTree = "<group>"; };
		AEF0FDC42A2529A80071CBCA /* Preview Assets.xcassets */ = {isa = PBXFileReference; lastKnownFileType = folder.assetcatalog; path = "Preview Assets.xcassets"; sourceTree = "<group>"; };
		AEF0FDCB2A2529F60071CBCA /* ViewModel.swift */ = {isa = PBXFileReference; lastKnownFileType = sourcecode.swift; path = ViewModel.swift; sourceTree = "<group>"; };
/* End PBXFileReference section */

/* Begin PBXFrameworksBuildPhase section */
		AEF0FDB72A2529A70071CBCA /* Frameworks */ = {
			isa = PBXFrameworksBuildPhase;
			buildActionMask = 2147483647;
			files = (
			);
			runOnlyForDeploymentPostprocessing = 0;
		};
/* End PBXFrameworksBuildPhase section */

/* Begin PBXGroup section */
		AEF0FDB12A2529A70071CBCA = {
			isa = PBXGroup;
			children = (
				AEF0FDBC2A2529A70071CBCA /* URLSessionJSONDecoder */,
				AEF0FDBB2A2529A70071CBCA /* Products */,
			);
			sourceTree = "<group>";
		};
		AEF0FDBB2A2529A70071CBCA /* Products */ = {
			isa = PBXGroup;
			children = (
				AEF0FDBA2A2529A70071CBCA /* URLSessionJSONDecoder.app */,
			);
			name = Products;
			sourceTree = "<group>";
		};
		AEF0FDBC2A2529A70071CBCA /* URLSessionJSONDecoder */ = {
			isa = PBXGroup;
			children = (
				AEF0FDBD2A2529A70071CBCA /* URLSessionJSONDecoderApp.swift */,
				AE2E97752A26392300951078 /* Model.swift */,
				AEF0FDBF2A2529A70071CBCA /* ContentView.swift */,
				AEF0FDCB2A2529F60071CBCA /* ViewModel.swift */,
				AEF0FDC12A2529A80071CBCA /* Assets.xcassets */,
				AEF0FDC32A2529A80071CBCA /* Preview Content */,
			);
			path = URLSessionJSONDecoder;
			sourceTree = "<group>";
		};
		AEF0FDC32A2529A80071CBCA /* Preview Content */ = {
			isa = PBXGroup;
			children = (
				AEF0FDC42A2529A80071CBCA /* Preview Assets.xcassets */,
			);
			path = "Preview Content";
			sourceTree = "<group>";
		};
/* End PBXGroup section */

/* Begin PBXNativeTarget section */
		AEF0FDB92A2529A70071CBCA /* URLSessionJSONDecoder */ = {
			isa = PBXNativeTarget;
			buildConfigurationList = AEF0FDC82A2529A80071CBCA /* Build configuration list for PBXNativeTarget "URLSessionJSONDecoder" */;
			buildPhases = (
				AEF0FDB62A2529A70071CBCA /* Sources */,
				AEF0FDB72A2529A70071CBCA /* Frameworks */,
				AEF0FDB82A2529A70071CBCA /* Resources */,
			);
			buildRules = (
			);
			dependencies = (
			);
			name = URLSessionJSONDecoder;
			productName = URLSessionJSONDecoder;
			productReference = AEF0FDBA2A2529A70071CBCA /* URLSessionJSONDecoder.app */;
			productType = "com.apple.product-type.application";
		};
/* End PBXNativeTarget section */

/* Begin PBXProject section */
		AEF0FDB22A2529A70071CBCA /* Project object */ = {
			isa = PBXProject;
			attributes = {
				BuildIndependentTargetsInParallel = 1;
				LastSwiftUpdateCheck = 1430;
				LastUpgradeCheck = 1430;
				TargetAttributes = {
					AEF0FDB92A2529A70071CBCA = {
						CreatedOnToolsVersion = 14.3;
					};
				};
			};
			buildConfigurationList = AEF0FDB52A2529A70071CBCA /* Build configuration list for PBXProject "URLSessionJSONDecoder" */;
			compatibilityVersion = "Xcode 14.0";
			developmentRegion = en;
			hasScannedForEncodings = 0;
			knownRegions = (
				en,
				Base,
			);
			mainGroup = AEF0FDB12A2529A70071CBCA;
			productRefGroup = AEF0FDBB2A2529A70071CBCA /* Products */;
			projectDirPath = "";
			projectRoot = "";
			targets = (
				AEF0FDB92A2529A70071CBCA /* URLSessionJSONDecoder */,
			);
		};
/* End PBXProject section */

/* Begin PBXResourcesBuildPhase section */
		AEF0FDB82A2529A70071CBCA /* Resources */ = {
			isa = PBXResourcesBuildPhase;
			buildActionMask = 2147483647;
			files = (
				AEF0FDC52A2529A80071CBCA /* Preview Assets.xcassets in Resources */,
				AEF0FDC22A2529A80071CBCA /* Assets.xcassets in Resources */,
			);
			runOnlyForDeploymentPostprocessing = 0;
		};
/* End PBXResourcesBuildPhase section */

/* Begin PBXSourcesBuildPhase section */
		AEF0FDB62A2529A70071CBCA /* Sources */ = {
			isa = PBXSourcesBuildPhase;
			buildActionMask = 2147483647;
			files = (
				AEF0FDC02A2529A70071CBCA /* ContentView.swift in Sources */,
				AEF0FDCC2A2529F60071CBCA /* ViewModel.swift in Sources */,
				AEF0FDBE2A2529A70071CBCA /* URLSessionJSONDecoderApp.swift in Sources */,
				AE2E97762A26392300951078 /* Model.swift in Sources */,
			);
			runOnlyForDeploymentPostprocessing = 0;
		};
/* End PBXSourcesBuildPhase section */

/* Begin XCBuildConfiguration section */
		AEF0FDC62A2529A80071CBCA /* Debug */ = {
			isa = XCBuildConfiguration;
			buildSettings = {
				ALWAYS_SEARCH_USER_PATHS = NO;
				CLANG_ANALYZER_NONNULL = YES;
				CLANG_ANALYZER_NUMBER_OBJECT_CONVERSION = YES_AGGRESSIVE;
				CLANG_CXX_LANGUAGE_STANDARD = "gnu++20";
				CLANG_ENABLE_MODULES = YES;
				CLANG_ENABLE_OBJC_ARC = YES;
				CLANG_ENABLE_OBJC_WEAK = YES;
				CLANG_WARN_BLOCK_CAPTURE_AUTORELEASING = YES;
				CLANG_WARN_BOOL_CONVERSION = YES;
				CLANG_WARN_COMMA = YES;
				CLANG_WARN_CONSTANT_CONVERSION = YES;
				CLANG_WARN_DEPRECATED_OBJC_IMPLEMENTATIONS = YES;
				CLANG_WARN_DIRECT_OBJC_ISA_USAGE = YES_ERROR;
				CLANG_WARN_DOCUMENTATION_COMMENTS = YES;
				CLANG_WARN_EMPTY_BODY = YES;
				CLANG_WARN_ENUM_CONVERSION = YES;
				CLANG_WARN_INFINITE_RECURSION = YES;
				CLANG_WARN_INT_CONVERSION = YES;
				CLANG_WARN_NON_LITERAL_NULL_CONVERSION = YES;
				CLANG_WARN_OBJC_IMPLICIT_RETAIN_SELF = YES;
				CLANG_WARN_OBJC_LITERAL_CONVERSION = YES;
				CLANG_WARN_OBJC_ROOT_CLASS = YES_ERROR;
				CLANG_WARN_QUOTED_INCLUDE_IN_FRAMEWORK_HEADER = YES;
				CLANG_WARN_RANGE_LOOP_ANALYSIS = YES;
				CLANG_WARN_STRICT_PROTOTYPES = YES;
				CLANG_WARN_SUSPICIOUS_MOVE = YES;
				CLANG_WARN_UNGUARDED_AVAILABILITY = YES_AGGRESSIVE;
				CLANG_WARN_UNREACHABLE_CODE = YES;
				CLANG_WARN__DUPLICATE_METHOD_MATCH = YES;
				COPY_PHASE_STRIP = NO;
				DEBUG_INFORMATION_FORMAT = dwarf;
				ENABLE_STRICT_OBJC_MSGSEND = YES;
				ENABLE_TESTABILITY = YES;
				GCC_C_LANGUAGE_STANDARD = gnu11;
				GCC_DYNAMIC_NO_PIC = NO;
				GCC_NO_COMMON_BLOCKS = YES;
				GCC_OPTIMIZATION_LEVEL = 0;
				GCC_PREPROCESSOR_DEFINITIONS = (
					"DEBUG=1",
					"$(inherited)",
				);
				GCC_WARN_64_TO_32_BIT_CONVERSION = YES;
				GCC_WARN_ABOUT_RETURN_TYPE = YES_ERROR;
				GCC_WARN_UNDECLARED_SELECTOR = YES;
				GCC_WARN_UNINITIALIZED_AUTOS = YES_AGGRESSIVE;
				GCC_WARN_UNUSED_FUNCTION = YES;
				GCC_WARN_UNUSED_VARIABLE = YES;
				IPHONEOS_DEPLOYMENT_TARGET = 16.4;
				MTL_ENABLE_DEBUG_INFO = INCLUDE_SOURCE;
				MTL_FAST_MATH = YES;
				ONLY_ACTIVE_ARCH = YES;
				SDKROOT = iphoneos;
				SWIFT_ACTIVE_COMPILATION_CONDITIONS = DEBUG;
				SWIFT_OPTIMIZATION_LEVEL = "-Onone";
			};
			name = Debug;
		};
		AEF0FDC72A2529A80071CBCA /* Release */ = {
			isa = XCBuildConfiguration;
			buildSettings = {
				ALWAYS_SEARCH_USER_PATHS = NO;
				CLANG_ANALYZER_NONNULL = YES;
				CLANG_ANALYZER_NUMBER_OBJECT_CONVERSION = YES_AGGRESSIVE;
				CLANG_CXX_LANGUAGE_STANDARD = "gnu++20";
				CLANG_ENABLE_MODULES = YES;
				CLANG_ENABLE_OBJC_ARC = YES;
				CLANG_ENABLE_OBJC_WEAK = YES;
				CLANG_WARN_BLOCK_CAPTURE_AUTORELEASING = YES;
				CLANG_WARN_BOOL_CONVERSION = YES;
				CLANG_WARN_COMMA = YES;
				CLANG_WARN_CONSTANT_CONVERSION = YES;
				CLANG_WARN_DEPRECATED_OBJC_IMPLEMENTATIONS = YES;
				CLANG_WARN_DIRECT_OBJC_ISA_USAGE = YES_ERROR;
				CLANG_WARN_DOCUMENTATION_COMMENTS = YES;
				CLANG_WARN_EMPTY_BODY = YES;
				CLANG_WARN_ENUM_CONVERSION = YES;
				CLANG_WARN_INFINITE_RECURSION = YES;
				CLANG_WARN_INT_CONVERSION = YES;
				CLANG_WARN_NON_LITERAL_NULL_CONVERSION = YES;
				CLANG_WARN_OBJC_IMPLICIT_RETAIN_SELF = YES;
				CLANG_WARN_OBJC_LITERAL_CONVERSION = YES;
				CLANG_WARN_OBJC_ROOT_CLASS = YES_ERROR;
				CLANG_WARN_QUOTED_INCLUDE_IN_FRAMEWORK_HEADER = YES;
				CLANG_WARN_RANGE_LOOP_ANALYSIS = YES;
				CLANG_WARN_STRICT_PROTOTYPES = YES;
				CLANG_WARN_SUSPICIOUS_MOVE = YES;
				CLANG_WARN_UNGUARDED_AVAILABILITY = YES_AGGRESSIVE;
				CLANG_WARN_UNREACHABLE_CODE = YES;
				CLANG_WARN__DUPLICATE_METHOD_MATCH = YES;
				COPY_PHASE_STRIP = NO;
				DEBUG_INFORMATION_FORMAT = "dwarf-with-dsym";
				ENABLE_NS_ASSERTIONS = NO;
				ENABLE_STRICT_OBJC_MSGSEND = YES;
				GCC_C_LANGUAGE_STANDARD = gnu11;
				GCC_NO_COMMON_BLOCKS = YES;
				GCC_WARN_64_TO_32_BIT_CONVERSION = YES;
				GCC_WARN_ABOUT_RETURN_TYPE = YES_ERROR;
				GCC_WARN_UNDECLARED_SELECTOR = YES;
				GCC_WARN_UNINITIALIZED_AUTOS = YES_AGGRESSIVE;
				GCC_WARN_UNUSED_FUNCTION = YES;
				GCC_WARN_UNUSED_VARIABLE = YES;
				IPHONEOS_DEPLOYMENT_TARGET = 16.4;
				MTL_ENABLE_DEBUG_INFO = NO;
				MTL_FAST_MATH = YES;
				SDKROOT = iphoneos;
				SWIFT_COMPILATION_MODE = wholemodule;
				SWIFT_OPTIMIZATION_LEVEL = "-O";
				VALIDATE_PRODUCT = YES;
			};
			name = Release;
		};
		AEF0FDC92A2529A80071CBCA /* Debug */ = {
			isa = XCBuildConfiguration;
			buildSettings = {
				ASSETCATALOG_COMPILER_APPICON_NAME = AppIcon;
				ASSETCATALOG_COMPILER_GLOBAL_ACCENT_COLOR_NAME = AccentColor;
				CODE_SIGN_STYLE = Automatic;
				CURRENT_PROJECT_VERSION = 1;
				DEVELOPMENT_ASSET_PATHS = "\"URLSessionJSONDecoder/Preview Content\"";
				DEVELOPMENT_TEAM = BU5UF762GK;
				ENABLE_PREVIEWS = YES;
				GENERATE_INFOPLIST_FILE = YES;
				INFOPLIST_KEY_UIApplicationSceneManifest_Generation = YES;
				INFOPLIST_KEY_UIApplicationSupportsIndirectInputEvents = YES;
				INFOPLIST_KEY_UILaunchScreen_Generation = YES;
				INFOPLIST_KEY_UISupportedInterfaceOrientations_iPad = "UIInterfaceOrientationPortrait UIInterfaceOrientationPortraitUpsideDown UIInterfaceOrientationLandscapeLeft UIInterfaceOrientationLandscapeRight";
				INFOPLIST_KEY_UISupportedInterfaceOrientations_iPhone = "UIInterfaceOrientationPortrait UIInterfaceOrientationLandscapeLeft UIInterfaceOrientationLandscapeRight";
				LD_RUNPATH_SEARCH_PATHS = (
					"$(inherited)",
					"@executable_path/Frameworks",
				);
				MARKETING_VERSION = 1.0;
				PRODUCT_BUNDLE_IDENTIFIER = com.egnapolo.URLSessionJSONDecoder;
				PRODUCT_NAME = "$(TARGET_NAME)";
				SWIFT_EMIT_LOC_STRINGS = YES;
				SWIFT_VERSION = 5.0;
				TARGETED_DEVICE_FAMILY = "1,2";
			};
			name = Debug;
		};
		AEF0FDCA2A2529A80071CBCA /* Release */ = {
			isa = XCBuildConfiguration;
			buildSettings = {
				ASSETCATALOG_COMPILER_APPICON_NAME = AppIcon;
				ASSETCATALOG_COMPILER_GLOBAL_ACCENT_COLOR_NAME = AccentColor;
				CODE_SIGN_STYLE = Automatic;
				CURRENT_PROJECT_VERSION = 1;
				DEVELOPMENT_ASSET_PATHS = "\"URLSessionJSONDecoder/Preview Content\"";
				DEVELOPMENT_TEAM = BU5UF762GK;
				ENABLE_PREVIEWS = YES;
				GENERATE_INFOPLIST_FILE = YES;
				INFOPLIST_KEY_UIApplicationSceneManifest_Generation = YES;
				INFOPLIST_KEY_UIApplicationSupportsIndirectInputEvents = YES;
				INFOPLIST_KEY_UILaunchScreen_Generation = YES;
				INFOPLIST_KEY_UISupportedInterfaceOrientations_iPad = "UIInterfaceOrientationPortrait UIInterfaceOrientationPortraitUpsideDown UIInterfaceOrientationLandscapeLeft UIInterfaceOrientationLandscapeRight";
				INFOPLIST_KEY_UISupportedInterfaceOrientations_iPhone = "UIInterfaceOrientationPortrait UIInterfaceOrientationLandscapeLeft UIInterfaceOrientationLandscapeRight";
				LD_RUNPATH_SEARCH_PATHS = (
					"$(inherited)",
					"@executable_path/Frameworks",
				);
				MARKETING_VERSION = 1.0;
				PRODUCT_BUNDLE_IDENTIFIER = com.egnapolo.URLSessionJSONDecoder;
				PRODUCT_NAME = "$(TARGET_NAME)";
				SWIFT_EMIT_LOC_STRINGS = YES;
				SWIFT_VERSION = 5.0;
				TARGETED_DEVICE_FAMILY = "1,2";
			};
			name = Release;
		};
/* End XCBuildConfiguration section */

/* Begin XCConfigurationList section */
		AEF0FDB52A2529A70071CBCA /* Build configuration list for PBXProject "URLSessionJSONDecoder" */ = {
			isa = XCConfigurationList;
			buildConfigurations = (
				AEF0FDC62A2529A80071CBCA /* Debug */,
				AEF0FDC72A2529A80071CBCA /* Release */,
			);
			defaultConfigurationIsVisible = 0;
			defaultConfigurationName = Release;
		};
		AEF0FDC82A2529A80071CBCA /* Build configuration list for PBXNativeTarget "URLSessionJSONDecoder" */ = {
			isa = XCConfigurationList;
			buildConfigurations = (
				AEF0FDC92A2529A80071CBCA /* Debug */,
				AEF0FDCA2A2529A80071CBCA /* Release */,
			);
			defaultConfigurationIsVisible = 0;
			defaultConfigurationName = Release;
		};
/* End XCConfigurationList section */
	};
	rootObject = AEF0FDB22A2529A70071CBCA /* Project object */;
}
